// !$*UTF8*$!
{
	archiveVersion = 1;
	classes = {
	};
	objectVersion = 55;
	objects = {

/* Begin PBXBuildFile section */
		83103F8D27B434FB008EF482 /* VereineView.swift in Sources */ = {isa = PBXBuildFile; fileRef = 83103F8C27B434FB008EF482 /* VereineView.swift */; };
		8330201027B6D8E600E5DE8A /* Person.swift in Sources */ = {isa = PBXBuildFile; fileRef = 8330200F27B6D8E600E5DE8A /* Person.swift */; };
		8330201227B6DB5A00E5DE8A /* KanuControlBrain.swift in Sources */ = {isa = PBXBuildFile; fileRef = 8330201127B6DB5A00E5DE8A /* KanuControlBrain.swift */; };
		8330201627B6E5B800E5DE8A /* MitgliederDetailView.swift in Sources */ = {isa = PBXBuildFile; fileRef = 8330201527B6E5B800E5DE8A /* MitgliederDetailView.swift */; };
		83FA542A27B42F6E00B9AF25 /* KanuControlApp.swift in Sources */ = {isa = PBXBuildFile; fileRef = 83FA542927B42F6E00B9AF25 /* KanuControlApp.swift */; };
		83FA542C27B42F6E00B9AF25 /* StartMenueView.swift in Sources */ = {isa = PBXBuildFile; fileRef = 83FA542B27B42F6E00B9AF25 /* StartMenueView.swift */; };
		83FA542E27B42F6E00B9AF25 /* Assets.xcassets in Resources */ = {isa = PBXBuildFile; fileRef = 83FA542D27B42F6E00B9AF25 /* Assets.xcassets */; };
		83FA543127B42F6E00B9AF25 /* Preview Assets.xcassets in Resources */ = {isa = PBXBuildFile; fileRef = 83FA543027B42F6E00B9AF25 /* Preview Assets.xcassets */; };
		83FA543927B4308C00B9AF25 /* MitgliederView.swift in Sources */ = {isa = PBXBuildFile; fileRef = 83FA543827B4308C00B9AF25 /* MitgliederView.swift */; };
/* End PBXBuildFile section */

/* Begin PBXFileReference section */
		83103F8C27B434FB008EF482 /* VereineView.swift */ = {isa = PBXFileReference; lastKnownFileType = sourcecode.swift; path = VereineView.swift; sourceTree = "<group>"; };
		8330200F27B6D8E600E5DE8A /* Person.swift */ = {isa = PBXFileReference; lastKnownFileType = sourcecode.swift; path = Person.swift; sourceTree = "<group>"; };
		8330201127B6DB5A00E5DE8A /* KanuControlBrain.swift */ = {isa = PBXFileReference; lastKnownFileType = sourcecode.swift; path = KanuControlBrain.swift; sourceTree = "<group>"; };
		8330201527B6E5B800E5DE8A /* MitgliederDetailView.swift */ = {isa = PBXFileReference; lastKnownFileType = sourcecode.swift; path = MitgliederDetailView.swift; sourceTree = "<group>"; };
		83FA542627B42F6E00B9AF25 /* KanuControl.app */ = {isa = PBXFileReference; explicitFileType = wrapper.application; includeInIndex = 0; path = KanuControl.app; sourceTree = BUILT_PRODUCTS_DIR; };
		83FA542927B42F6E00B9AF25 /* KanuControlApp.swift */ = {isa = PBXFileReference; lastKnownFileType = sourcecode.swift; path = KanuControlApp.swift; sourceTree = "<group>"; };
		83FA542B27B42F6E00B9AF25 /* StartMenueView.swift */ = {isa = PBXFileReference; lastKnownFileType = sourcecode.swift; path = StartMenueView.swift; sourceTree = "<group>"; };
		83FA542D27B42F6E00B9AF25 /* Assets.xcassets */ = {isa = PBXFileReference; lastKnownFileType = folder.assetcatalog; path = Assets.xcassets; sourceTree = "<group>"; };
		83FA543027B42F6E00B9AF25 /* Preview Assets.xcassets */ = {isa = PBXFileReference; lastKnownFileType = folder.assetcatalog; path = "Preview Assets.xcassets"; sourceTree = "<group>"; };
		83FA543827B4308C00B9AF25 /* MitgliederView.swift */ = {isa = PBXFileReference; fileEncoding = 4; lastKnownFileType = sourcecode.swift; path = MitgliederView.swift; sourceTree = "<group>"; };
/* End PBXFileReference section */

/* Begin PBXFrameworksBuildPhase section */
		83FA542327B42F6E00B9AF25 /* Frameworks */ = {
			isa = PBXFrameworksBuildPhase;
			buildActionMask = 2147483647;
			files = (
			);
			runOnlyForDeploymentPostprocessing = 0;
		};
/* End PBXFrameworksBuildPhase section */

/* Begin PBXGroup section */
		8330200E27B6D8C800E5DE8A /* Model */ = {
			isa = PBXGroup;
			children = (
				8330200F27B6D8E600E5DE8A /* Person.swift */,
				8330201127B6DB5A00E5DE8A /* KanuControlBrain.swift */,
			);
			path = Model;
			sourceTree = "<group>";
		};
		83FA541D27B42F6E00B9AF25 = {
			isa = PBXGroup;
			children = (
				83FA542827B42F6E00B9AF25 /* KanuControl */,
				83FA542727B42F6E00B9AF25 /* Products */,
			);
			sourceTree = "<group>";
		};
		83FA542727B42F6E00B9AF25 /* Products */ = {
			isa = PBXGroup;
			children = (
				83FA542627B42F6E00B9AF25 /* KanuControl.app */,
			);
			name = Products;
			sourceTree = "<group>";
		};
		83FA542827B42F6E00B9AF25 /* KanuControl */ = {
			isa = PBXGroup;
			children = (
				8330200E27B6D8C800E5DE8A /* Model */,
				83FA542927B42F6E00B9AF25 /* KanuControlApp.swift */,
				83FA543727B42FA500B9AF25 /* Views */,
				83FA542D27B42F6E00B9AF25 /* Assets.xcassets */,
				83FA542F27B42F6E00B9AF25 /* Preview Content */,
			);
			path = KanuControl;
			sourceTree = "<group>";
		};
		83FA542F27B42F6E00B9AF25 /* Preview Content */ = {
			isa = PBXGroup;
			children = (
				83FA543027B42F6E00B9AF25 /* Preview Assets.xcassets */,
			);
			path = "Preview Content";
			sourceTree = "<group>";
		};
		83FA543727B42FA500B9AF25 /* Views */ = {
			isa = PBXGroup;
			children = (
				83FA542B27B42F6E00B9AF25 /* StartMenueView.swift */,
				83FA543827B4308C00B9AF25 /* MitgliederView.swift */,
				83103F8C27B434FB008EF482 /* VereineView.swift */,
				8330201527B6E5B800E5DE8A /* MitgliederDetailView.swift */,
			);
			path = Views;
			sourceTree = "<group>";
		};
/* End PBXGroup section */

/* Begin PBXNativeTarget section */
		83FA542527B42F6E00B9AF25 /* KanuControl */ = {
			isa = PBXNativeTarget;
			buildConfigurationList = 83FA543427B42F6E00B9AF25 /* Build configuration list for PBXNativeTarget "KanuControl" */;
			buildPhases = (
				83FA542227B42F6E00B9AF25 /* Sources */,
				83FA542327B42F6E00B9AF25 /* Frameworks */,
				83FA542427B42F6E00B9AF25 /* Resources */,
			);
			buildRules = (
			);
			dependencies = (
			);
			name = KanuControl;
			productName = KanuControl;
			productReference = 83FA542627B42F6E00B9AF25 /* KanuControl.app */;
			productType = "com.apple.product-type.application";
		};
/* End PBXNativeTarget section */

/* Begin PBXProject section */
		83FA541E27B42F6E00B9AF25 /* Project object */ = {
			isa = PBXProject;
			attributes = {
				BuildIndependentTargetsInParallel = 1;
				LastSwiftUpdateCheck = 1320;
				LastUpgradeCheck = 1320;
				TargetAttributes = {
					83FA542527B42F6E00B9AF25 = {
						CreatedOnToolsVersion = 13.2.1;
					};
				};
			};
			buildConfigurationList = 83FA542127B42F6E00B9AF25 /* Build configuration list for PBXProject "KanuControl" */;
			compatibilityVersion = "Xcode 13.0";
			developmentRegion = en;
			hasScannedForEncodings = 0;
			knownRegions = (
				en,
				Base,
			);
			mainGroup = 83FA541D27B42F6E00B9AF25;
			productRefGroup = 83FA542727B42F6E00B9AF25 /* Products */;
			projectDirPath = "";
			projectRoot = "";
			targets = (
				83FA542527B42F6E00B9AF25 /* KanuControl */,
			);
		};
/* End PBXProject section */

/* Begin PBXResourcesBuildPhase section */
		83FA542427B42F6E00B9AF25 /* Resources */ = {
			isa = PBXResourcesBuildPhase;
			buildActionMask = 2147483647;
			files = (
				83FA543127B42F6E00B9AF25 /* Preview Assets.xcassets in Resources */,
				83FA542E27B42F6E00B9AF25 /* Assets.xcassets in Resources */,
			);
			runOnlyForDeploymentPostprocessing = 0;
		};
/* End PBXResourcesBuildPhase section */

/* Begin PBXSourcesBuildPhase section */
		83FA542227B42F6E00B9AF25 /* Sources */ = {
			isa = PBXSourcesBuildPhase;
			buildActionMask = 2147483647;
			files = (
				8330201027B6D8E600E5DE8A /* Person.swift in Sources */,
				8330201627B6E5B800E5DE8A /* MitgliederDetailView.swift in Sources */,
				83FA542C27B42F6E00B9AF25 /* StartMenueView.swift in Sources */,
				83103F8D27B434FB008EF482 /* VereineView.swift in Sources */,
				8330201227B6DB5A00E5DE8A /* KanuControlBrain.swift in Sources */,
				83FA542A27B42F6E00B9AF25 /* KanuControlApp.swift in Sources */,
				83FA543927B4308C00B9AF25 /* MitgliederView.swift in Sources */,
			);
			runOnlyForDeploymentPostprocessing = 0;
		};
/* End PBXSourcesBuildPhase section */

/* Begin XCBuildConfiguration section */
		83FA543227B42F6E00B9AF25 /* Debug */ = {
			isa = XCBuildConfiguration;
			buildSettings = {
				ALWAYS_SEARCH_USER_PATHS = NO;
				CLANG_ANALYZER_NONNULL = YES;
				CLANG_ANALYZER_NUMBER_OBJECT_CONVERSION = YES_AGGRESSIVE;
				CLANG_CXX_LANGUAGE_STANDARD = "gnu++17";
				CLANG_CXX_LIBRARY = "libc++";
				CLANG_ENABLE_MODULES = YES;
				CLANG_ENABLE_OBJC_ARC = YES;
				CLANG_ENABLE_OBJC_WEAK = YES;
				CLANG_WARN_BLOCK_CAPTURE_AUTORELEASING = YES;
				CLANG_WARN_BOOL_CONVERSION = YES;
				CLANG_WARN_COMMA = YES;
				CLANG_WARN_CONSTANT_CONVERSION = YES;
				CLANG_WARN_DEPRECATED_OBJC_IMPLEMENTATIONS = YES;
				CLANG_WARN_DIRECT_OBJC_ISA_USAGE = YES_ERROR;
				CLANG_WARN_DOCUMENTATION_COMMENTS = YES;
				CLANG_WARN_EMPTY_BODY = YES;
				CLANG_WARN_ENUM_CONVERSION = YES;
				CLANG_WARN_INFINITE_RECURSION = YES;
				CLANG_WARN_INT_CONVERSION = YES;
				CLANG_WARN_NON_LITERAL_NULL_CONVERSION = YES;
				CLANG_WARN_OBJC_IMPLICIT_RETAIN_SELF = YES;
				CLANG_WARN_OBJC_LITERAL_CONVERSION = YES;
				CLANG_WARN_OBJC_ROOT_CLASS = YES_ERROR;
				CLANG_WARN_QUOTED_INCLUDE_IN_FRAMEWORK_HEADER = YES;
				CLANG_WARN_RANGE_LOOP_ANALYSIS = YES;
				CLANG_WARN_STRICT_PROTOTYPES = YES;
				CLANG_WARN_SUSPICIOUS_MOVE = YES;
				CLANG_WARN_UNGUARDED_AVAILABILITY = YES_AGGRESSIVE;
				CLANG_WARN_UNREACHABLE_CODE = YES;
				CLANG_WARN__DUPLICATE_METHOD_MATCH = YES;
				COPY_PHASE_STRIP = NO;
				DEBUG_INFORMATION_FORMAT = dwarf;
				ENABLE_STRICT_OBJC_MSGSEND = YES;
				ENABLE_TESTABILITY = YES;
				GCC_C_LANGUAGE_STANDARD = gnu11;
				GCC_DYNAMIC_NO_PIC = NO;
				GCC_NO_COMMON_BLOCKS = YES;
				GCC_OPTIMIZATION_LEVEL = 0;
				GCC_PREPROCESSOR_DEFINITIONS = (
					"DEBUG=1",
					"$(inherited)",
				);
				GCC_WARN_64_TO_32_BIT_CONVERSION = YES;
				GCC_WARN_ABOUT_RETURN_TYPE = YES_ERROR;
				GCC_WARN_UNDECLARED_SELECTOR = YES;
				GCC_WARN_UNINITIALIZED_AUTOS = YES_AGGRESSIVE;
				GCC_WARN_UNUSED_FUNCTION = YES;
				GCC_WARN_UNUSED_VARIABLE = YES;
				IPHONEOS_DEPLOYMENT_TARGET = 15.2;
				MTL_ENABLE_DEBUG_INFO = INCLUDE_SOURCE;
				MTL_FAST_MATH = YES;
				ONLY_ACTIVE_ARCH = YES;
				SDKROOT = iphoneos;
				SWIFT_ACTIVE_COMPILATION_CONDITIONS = DEBUG;
				SWIFT_OPTIMIZATION_LEVEL = "-Onone";
			};
			name = Debug;
		};
		83FA543327B42F6E00B9AF25 /* Release */ = {
			isa = XCBuildConfiguration;
			buildSettings = {
				ALWAYS_SEARCH_USER_PATHS = NO;
				CLANG_ANALYZER_NONNULL = YES;
				CLANG_ANALYZER_NUMBER_OBJECT_CONVERSION = YES_AGGRESSIVE;
				CLANG_CXX_LANGUAGE_STANDARD = "gnu++17";
				CLANG_CXX_LIBRARY = "libc++";
				CLANG_ENABLE_MODULES = YES;
				CLANG_ENABLE_OBJC_ARC = YES;
				CLANG_ENABLE_OBJC_WEAK = YES;
				CLANG_WARN_BLOCK_CAPTURE_AUTORELEASING = YES;
				CLANG_WARN_BOOL_CONVERSION = YES;
				CLANG_WARN_COMMA = YES;
				CLANG_WARN_CONSTANT_CONVERSION = YES;
				CLANG_WARN_DEPRECATED_OBJC_IMPLEMENTATIONS = YES;
				CLANG_WARN_DIRECT_OBJC_ISA_USAGE = YES_ERROR;
				CLANG_WARN_DOCUMENTATION_COMMENTS = YES;
				CLANG_WARN_EMPTY_BODY = YES;
				CLANG_WARN_ENUM_CONVERSION = YES;
				CLANG_WARN_INFINITE_RECURSION = YES;
				CLANG_WARN_INT_CONVERSION = YES;
				CLANG_WARN_NON_LITERAL_NULL_CONVERSION = YES;
				CLANG_WARN_OBJC_IMPLICIT_RETAIN_SELF = YES;
				CLANG_WARN_OBJC_LITERAL_CONVERSION = YES;
				CLANG_WARN_OBJC_ROOT_CLASS = YES_ERROR;
				CLANG_WARN_QUOTED_INCLUDE_IN_FRAMEWORK_HEADER = YES;
				CLANG_WARN_RANGE_LOOP_ANALYSIS = YES;
				CLANG_WARN_STRICT_PROTOTYPES = YES;
				CLANG_WARN_SUSPICIOUS_MOVE = YES;
				CLANG_WARN_UNGUARDED_AVAILABILITY = YES_AGGRESSIVE;
				CLANG_WARN_UNREACHABLE_CODE = YES;
				CLANG_WARN__DUPLICATE_METHOD_MATCH = YES;
				COPY_PHASE_STRIP = NO;
				DEBUG_INFORMATION_FORMAT = "dwarf-with-dsym";
				ENABLE_NS_ASSERTIONS = NO;
				ENABLE_STRICT_OBJC_MSGSEND = YES;
				GCC_C_LANGUAGE_STANDARD = gnu11;
				GCC_NO_COMMON_BLOCKS = YES;
				GCC_WARN_64_TO_32_BIT_CONVERSION = YES;
				GCC_WARN_ABOUT_RETURN_TYPE = YES_ERROR;
				GCC_WARN_UNDECLARED_SELECTOR = YES;
				GCC_WARN_UNINITIALIZED_AUTOS = YES_AGGRESSIVE;
				GCC_WARN_UNUSED_FUNCTION = YES;
				GCC_WARN_UNUSED_VARIABLE = YES;
				IPHONEOS_DEPLOYMENT_TARGET = 15.2;
				MTL_ENABLE_DEBUG_INFO = NO;
				MTL_FAST_MATH = YES;
				SDKROOT = iphoneos;
				SWIFT_COMPILATION_MODE = wholemodule;
				SWIFT_OPTIMIZATION_LEVEL = "-O";
				VALIDATE_PRODUCT = YES;
			};
			name = Release;
		};
		83FA543527B42F6E00B9AF25 /* Debug */ = {
			isa = XCBuildConfiguration;
			buildSettings = {
				ASSETCATALOG_COMPILER_APPICON_NAME = AppIcon;
				ASSETCATALOG_COMPILER_GLOBAL_ACCENT_COLOR_NAME = AccentColor;
				CODE_SIGN_STYLE = Automatic;
				CURRENT_PROJECT_VERSION = 1;
				DEVELOPMENT_ASSET_PATHS = "\"KanuControl/Preview Content\"";
				DEVELOPMENT_TEAM = SWDHHUR58R;
				ENABLE_PREVIEWS = YES;
				GENERATE_INFOPLIST_FILE = YES;
				INFOPLIST_KEY_UIApplicationSceneManifest_Generation = YES;
				INFOPLIST_KEY_UIApplicationSupportsIndirectInputEvents = YES;
				INFOPLIST_KEY_UILaunchScreen_Generation = YES;
				INFOPLIST_KEY_UISupportedInterfaceOrientations_iPad = "UIInterfaceOrientationPortrait UIInterfaceOrientationPortraitUpsideDown UIInterfaceOrientationLandscapeLeft UIInterfaceOrientationLandscapeRight";
				INFOPLIST_KEY_UISupportedInterfaceOrientations_iPhone = "UIInterfaceOrientationPortrait UIInterfaceOrientationLandscapeLeft UIInterfaceOrientationLandscapeRight";
				LD_RUNPATH_SEARCH_PATHS = (
					"$(inherited)",
					"@executable_path/Frameworks",
				);
				MARKETING_VERSION = 1.0;
				PRODUCT_BUNDLE_IDENTIFIER = "Schog-AC.KanuControl";
				PRODUCT_NAME = "$(TARGET_NAME)";
				SWIFT_EMIT_LOC_STRINGS = YES;
				SWIFT_VERSION = 5.0;
				TARGETED_DEVICE_FAMILY = "1,2";
			};
			name = Debug;
		};
		83FA543627B42F6E00B9AF25 /* Release */ = {
			isa = XCBuildConfiguration;
			buildSettings = {
				ASSETCATALOG_COMPILER_APPICON_NAME = AppIcon;
				ASSETCATALOG_COMPILER_GLOBAL_ACCENT_COLOR_NAME = AccentColor;
				CODE_SIGN_STYLE = Automatic;
				CURRENT_PROJECT_VERSION = 1;
				DEVELOPMENT_ASSET_PATHS = "\"KanuControl/Preview Content\"";
				DEVELOPMENT_TEAM = SWDHHUR58R;
				ENABLE_PREVIEWS = YES;
				GENERATE_INFOPLIST_FILE = YES;
				INFOPLIST_KEY_UIApplicationSceneManifest_Generation = YES;
				INFOPLIST_KEY_UIApplicationSupportsIndirectInputEvents = YES;
				INFOPLIST_KEY_UILaunchScreen_Generation = YES;
				INFOPLIST_KEY_UISupportedInterfaceOrientations_iPad = "UIInterfaceOrientationPortrait UIInterfaceOrientationPortraitUpsideDown UIInterfaceOrientationLandscapeLeft UIInterfaceOrientationLandscapeRight";
				INFOPLIST_KEY_UISupportedInterfaceOrientations_iPhone = "UIInterfaceOrientationPortrait UIInterfaceOrientationLandscapeLeft UIInterfaceOrientationLandscapeRight";
				LD_RUNPATH_SEARCH_PATHS = (
					"$(inherited)",
					"@executable_path/Frameworks",
				);
				MARKETING_VERSION = 1.0;
				PRODUCT_BUNDLE_IDENTIFIER = "Schog-AC.KanuControl";
				PRODUCT_NAME = "$(TARGET_NAME)";
				SWIFT_EMIT_LOC_STRINGS = YES;
				SWIFT_VERSION = 5.0;
				TARGETED_DEVICE_FAMILY = "1,2";
			};
			name = Release;
		};
/* End XCBuildConfiguration section */

/* Begin XCConfigurationList section */
		83FA542127B42F6E00B9AF25 /* Build configuration list for PBXProject "KanuControl" */ = {
			isa = XCConfigurationList;
			buildConfigurations = (
				83FA543227B42F6E00B9AF25 /* Debug */,
				83FA543327B42F6E00B9AF25 /* Release */,
			);
			defaultConfigurationIsVisible = 0;
			defaultConfigurationName = Release;
		};
		83FA543427B42F6E00B9AF25 /* Build configuration list for PBXNativeTarget "KanuControl" */ = {
			isa = XCConfigurationList;
			buildConfigurations = (
				83FA543527B42F6E00B9AF25 /* Debug */,
				83FA543627B42F6E00B9AF25 /* Release */,
			);
			defaultConfigurationIsVisible = 0;
			defaultConfigurationName = Release;
		};
/* End XCConfigurationList section */
	};
	rootObject = 83FA541E27B42F6E00B9AF25 /* Project object */;
}
